PODS:
  - Masonry (1.1.0)
  - yudexiang (0.2.0):
    - Masonry

DEPENDENCIES:
  - yudexiang (from `../`)

EXTERNAL SOURCES:
  yudexiang:
    :path: ../

SPEC CHECKSUMS:
  Masonry: 678fab65091a9290e40e2832a55e7ab731aad201
  yudexiang: dfc2d2a7db205c353df7c2e5eaf0cabc9bf9442f

PODFILE CHECKSUM: 9b18d3a3101e651f2dbdc268ee86e43525a628ff

COCOAPODS: 1.2.1
