PODS:
  - Masonry (1.1.0)
  - yudexiang (0.4.0):
    - Masonry

DEPENDENCIES:
  - yudexiang (from `../`)

EXTERNAL SOURCES:
  yudexiang:
    :path: ../

SPEC CHECKSUMS:
  Masonry: 678fab65091a9290e40e2832a55e7ab731aad201
  yudexiang: 036706a70d10263568630cfd20c9b8299af28906

PODFILE CHECKSUM: d4e14501bc4cfd5afea0eef750eb2209d17eb00f

COCOAPODS: 1.2.1
